
Microsoft Visual Studio Solution File, Format Version 12.00
# Visual Studio Version 16
VisualStudioVersion = 16.0.31025.194
MinimumVisualStudioVersion = 10.0.40219.1
Project("{FAE04EC0-301F-11D3-BF4B-00C04F79EFBC}") = "Camera.UWP", "Camera\Camera.UWP\Camera.UWP.csproj", "{A2558F87-BAC8-4233-A432-85683DF36BE9}"
EndProject
Project("{FAE04EC0-301F-11D3-BF4B-00C04F79EFBC}") = "Camera.Android", "Camera\Camera.Android\Camera.Android.csproj", "{C9014A19-1C6E-4F64-BA39-A5683842B21B}"
EndProject
Project("{FAE04EC0-301F-11D3-BF4B-00C04F79EFBC}") = "Camera.iOS", "Camera\Camera.iOS\Camera.iOS.csproj", "{712605F4-D94F-4351-B80D-6AD7D2E9803E}"
EndProject
Project("{FAE04EC0-301F-11D3-BF4B-00C04F79EFBC}") = "Camera", "Camera\Camera\Camera.csproj", "{37F70A8D-2E12-41C7-B4C6-B188379338A7}"
EndProject
Global
	GlobalSection(SolutionConfigurationPlatforms) = preSolution
		Debug|Any CPU = Debug|Any CPU
		Debug|ARM = Debug|ARM
		Debug|iPhone = Debug|iPhone
		Debug|iPhoneSimulator = Debug|iPhoneSimulator
		Debug|x64 = Debug|x64
		Debug|x86 = Debug|x86
		Release|Any CPU = Release|Any CPU
		Release|ARM = Release|ARM
		Release|iPhone = Release|iPhone
		Release|iPhoneSimulator = Release|iPhoneSimulator
		Release|x64 = Release|x64
		Release|x86 = Release|x86
	EndGlobalSection
	GlobalSection(ProjectConfigurationPlatforms) = postSolution
		{A2558F87-BAC8-4233-A432-85683DF36BE9}.Debug|Any CPU.ActiveCfg = Debug|x86
		{A2558F87-BAC8-4233-A432-85683DF36BE9}.Debug|Any CPU.Build.0 = Debug|x86
		{A2558F87-BAC8-4233-A432-85683DF36BE9}.Debug|Any CPU.Deploy.0 = Debug|x86
		{A2558F87-BAC8-4233-A432-85683DF36BE9}.Debug|ARM.ActiveCfg = Debug|ARM
		{A2558F87-BAC8-4233-A432-85683DF36BE9}.Debug|ARM.Build.0 = Debug|ARM
		{A2558F87-BAC8-4233-A432-85683DF36BE9}.Debug|ARM.Deploy.0 = Debug|ARM
		{A2558F87-BAC8-4233-A432-85683DF36BE9}.Debug|iPhone.ActiveCfg = Debug|x86
		{A2558F87-BAC8-4233-A432-85683DF36BE9}.Debug|iPhone.Build.0 = Debug|x86
		{A2558F87-BAC8-4233-A432-85683DF36BE9}.Debug|iPhone.Deploy.0 = Debug|x86
		{A2558F87-BAC8-4233-A432-85683DF36BE9}.Debug|iPhoneSimulator.ActiveCfg = Debug|x86
		{A2558F87-BAC8-4233-A432-85683DF36BE9}.Debug|iPhoneSimulator.Build.0 = Debug|x86
		{A2558F87-BAC8-4233-A432-85683DF36BE9}.Debug|iPhoneSimulator.Deploy.0 = Debug|x86
		{A2558F87-BAC8-4233-A432-85683DF36BE9}.Debug|x64.ActiveCfg = Debug|x64
		{A2558F87-BAC8-4233-A432-85683DF36BE9}.Debug|x64.Build.0 = Debug|x64
		{A2558F87-BAC8-4233-A432-85683DF36BE9}.Debug|x64.Deploy.0 = Debug|x64
		{A2558F87-BAC8-4233-A432-85683DF36BE9}.Debug|x86.ActiveCfg = Debug|x86
		{A2558F87-BAC8-4233-A432-85683DF36BE9}.Debug|x86.Build.0 = Debug|x86
		{A2558F87-BAC8-4233-A432-85683DF36BE9}.Debug|x86.Deploy.0 = Debug|x86
		{A2558F87-BAC8-4233-A432-85683DF36BE9}.Release|Any CPU.ActiveCfg = Release|x86
		{A2558F87-BAC8-4233-A432-85683DF36BE9}.Release|Any CPU.Build.0 = Release|x86
		{A2558F87-BAC8-4233-A432-85683DF36BE9}.Release|Any CPU.Deploy.0 = Release|x86
		{A2558F87-BAC8-4233-A432-85683DF36BE9}.Release|ARM.ActiveCfg = Release|ARM
		{A2558F87-BAC8-4233-A432-85683DF36BE9}.Release|ARM.Build.0 = Release|ARM
		{A2558F87-BAC8-4233-A432-85683DF36BE9}.Release|ARM.Deploy.0 = Release|ARM
		{A2558F87-BAC8-4233-A432-85683DF36BE9}.Release|iPhone.ActiveCfg = Release|x86
		{A2558F87-BAC8-4233-A432-85683DF36BE9}.Release|iPhone.Build.0 = Release|x86
		{A2558F87-BAC8-4233-A432-85683DF36BE9}.Release|iPhone.Deploy.0 = Release|x86
		{A2558F87-BAC8-4233-A432-85683DF36BE9}.Release|iPhoneSimulator.ActiveCfg = Release|x86
		{A2558F87-BAC8-4233-A432-85683DF36BE9}.Release|iPhoneSimulator.Build.0 = Release|x86
		{A2558F87-BAC8-4233-A432-85683DF36BE9}.Release|iPhoneSimulator.Deploy.0 = Release|x86
		{A2558F87-BAC8-4233-A432-85683DF36BE9}.Release|x64.ActiveCfg = Release|x64
		{A2558F87-BAC8-4233-A432-85683DF36BE9}.Release|x64.Build.0 = Release|x64
		{A2558F87-BAC8-4233-A432-85683DF36BE9}.Release|x64.Deploy.0 = Release|x64
		{A2558F87-BAC8-4233-A432-85683DF36BE9}.Release|x86.ActiveCfg = Release|x86
		{A2558F87-BAC8-4233-A432-85683DF36BE9}.Release|x86.Build.0 = Release|x86
		{A2558F87-BAC8-4233-A432-85683DF36BE9}.Release|x86.Deploy.0 = Release|x86
		{C9014A19-1C6E-4F64-BA39-A5683842B21B}.Debug|Any CPU.ActiveCfg = Debug|Any CPU
		{C9014A19-1C6E-4F64-BA39-A5683842B21B}.Debug|Any CPU.Build.0 = Debug|Any CPU
		{C9014A19-1C6E-4F64-BA39-A5683842B21B}.Debug|Any CPU.Deploy.0 = Debug|Any CPU
		{C9014A19-1C6E-4F64-BA39-A5683842B21B}.Debug|ARM.ActiveCfg = Debug|Any CPU
		{C9014A19-1C6E-4F64-BA39-A5683842B21B}.Debug|ARM.Build.0 = Debug|Any CPU
		{C9014A19-1C6E-4F64-BA39-A5683842B21B}.Debug|ARM.Deploy.0 = Debug|Any CPU
		{C9014A19-1C6E-4F64-BA39-A5683842B21B}.Debug|iPhone.ActiveCfg = Debug|Any CPU
		{C9014A19-1C6E-4F64-BA39-A5683842B21B}.Debug|iPhone.Build.0 = Debug|Any CPU
		{C9014A19-1C6E-4F64-BA39-A5683842B21B}.Debug|iPhone.Deploy.0 = Debug|Any CPU
		{C9014A19-1C6E-4F64-BA39-A5683842B21B}.Debug|iPhoneSimulator.ActiveCfg = Debug|Any CPU
		{C9014A19-1C6E-4F64-BA39-A5683842B21B}.Debug|iPhoneSimulator.Build.0 = Debug|Any CPU
		{C9014A19-1C6E-4F64-BA39-A5683842B21B}.Debug|iPhoneSimulator.Deploy.0 = Debug|Any CPU
		{C9014A19-1C6E-4F64-BA39-A5683842B21B}.Debug|x64.ActiveCfg = Debug|Any CPU
		{C9014A19-1C6E-4F64-BA39-A5683842B21B}.Debug|x64.Build.0 = Debug|Any CPU
		{C9014A19-1C6E-4F64-BA39-A5683842B21B}.Debug|x64.Deploy.0 = Debug|Any CPU
		{C9014A19-1C6E-4F64-BA39-A5683842B21B}.Debug|x86.ActiveCfg = Debug|Any CPU
		{C9014A19-1C6E-4F64-BA39-A5683842B21B}.Debug|x86.Build.0 = Debug|Any CPU
		{C9014A19-1C6E-4F64-BA39-A5683842B21B}.Debug|x86.Deploy.0 = Debug|Any CPU
		{C9014A19-1C6E-4F64-BA39-A5683842B21B}.Release|Any CPU.ActiveCfg = Release|Any CPU
		{C9014A19-1C6E-4F64-BA39-A5683842B21B}.Release|Any CPU.Build.0 = Release|Any CPU
		{C9014A19-1C6E-4F64-BA39-A5683842B21B}.Release|Any CPU.Deploy.0 = Release|Any CPU
		{C9014A19-1C6E-4F64-BA39-A5683842B21B}.Release|ARM.ActiveCfg = Release|Any CPU
		{C9014A19-1C6E-4F64-BA39-A5683842B21B}.Release|ARM.Build.0 = Release|Any CPU
		{C9014A19-1C6E-4F64-BA39-A5683842B21B}.Release|ARM.Deploy.0 = Release|Any CPU
		{C9014A19-1C6E-4F64-BA39-A5683842B21B}.Release|iPhone.ActiveCfg = Release|Any CPU
		{C9014A19-1C6E-4F64-BA39-A5683842B21B}.Release|iPhone.Build.0 = Release|Any CPU
		{C9014A19-1C6E-4F64-BA39-A5683842B21B}.Release|iPhone.Deploy.0 = Release|Any CPU
		{C9014A19-1C6E-4F64-BA39-A5683842B21B}.Release|iPhoneSimulator.ActiveCfg = Release|Any CPU
		{C9014A19-1C6E-4F64-BA39-A5683842B21B}.Release|iPhoneSimulator.Build.0 = Release|Any CPU
		{C9014A19-1C6E-4F64-BA39-A5683842B21B}.Release|iPhoneSimulator.Deploy.0 = Release|Any CPU
		{C9014A19-1C6E-4F64-BA39-A5683842B21B}.Release|x64.ActiveCfg = Release|Any CPU
		{C9014A19-1C6E-4F64-BA39-A5683842B21B}.Release|x64.Build.0 = Release|Any CPU
		{C9014A19-1C6E-4F64-BA39-A5683842B21B}.Release|x64.Deploy.0 = Release|Any CPU
		{C9014A19-1C6E-4F64-BA39-A5683842B21B}.Release|x86.ActiveCfg = Release|Any CPU
		{C9014A19-1C6E-4F64-BA39-A5683842B21B}.Release|x86.Build.0 = Release|Any CPU
		{C9014A19-1C6E-4F64-BA39-A5683842B21B}.Release|x86.Deploy.0 = Release|Any CPU
		{712605F4-D94F-4351-B80D-6AD7D2E9803E}.Debug|Any CPU.ActiveCfg = Debug|iPhoneSimulator
		{712605F4-D94F-4351-B80D-6AD7D2E9803E}.Debug|Any CPU.Build.0 = Debug|iPhoneSimulator
		{712605F4-D94F-4351-B80D-6AD7D2E9803E}.Debug|Any CPU.Deploy.0 = Debug|iPhoneSimulator
		{712605F4-D94F-4351-B80D-6AD7D2E9803E}.Debug|ARM.ActiveCfg = Debug|iPhone
		{712605F4-D94F-4351-B80D-6AD7D2E9803E}.Debug|ARM.Build.0 = Debug|iPhone
		{712605F4-D94F-4351-B80D-6AD7D2E9803E}.Debug|ARM.Deploy.0 = Debug|iPhone
		{712605F4-D94F-4351-B80D-6AD7D2E9803E}.Debug|iPhone.ActiveCfg = Debug|iPhone
		{712605F4-D94F-4351-B80D-6AD7D2E9803E}.Debug|iPhone.Build.0 = Debug|iPhone
		{712605F4-D94F-4351-B80D-6AD7D2E9803E}.Debug|iPhone.Deploy.0 = Debug|iPhone
		{712605F4-D94F-4351-B80D-6AD7D2E9803E}.Debug|iPhoneSimulator.ActiveCfg = Debug|iPhoneSimulator
		{712605F4-D94F-4351-B80D-6AD7D2E9803E}.Debug|iPhoneSimulator.Build.0 = Debug|iPhoneSimulator
		{712605F4-D94F-4351-B80D-6AD7D2E9803E}.Debug|iPhoneSimulator.Deploy.0 = Debug|iPhoneSimulator
		{712605F4-D94F-4351-B80D-6AD7D2E9803E}.Debug|x64.ActiveCfg = Debug|iPhoneSimulator
		{712605F4-D94F-4351-B80D-6AD7D2E9803E}.Debug|x64.Build.0 = Debug|iPhoneSimulator
		{712605F4-D94F-4351-B80D-6AD7D2E9803E}.Debug|x64.Deploy.0 = Debug|iPhoneSimulator
		{712605F4-D94F-4351-B80D-6AD7D2E9803E}.Debug|x86.ActiveCfg = Debug|iPhoneSimulator
		{712605F4-D94F-4351-B80D-6AD7D2E9803E}.Debug|x86.Build.0 = Debug|iPhoneSimulator
		{712605F4-D94F-4351-B80D-6AD7D2E9803E}.Debug|x86.Deploy.0 = Debug|iPhoneSimulator
		{712605F4-D94F-4351-B80D-6AD7D2E9803E}.Release|Any CPU.ActiveCfg = Release|iPhoneSimulator
		{712605F4-D94F-4351-B80D-6AD7D2E9803E}.Release|Any CPU.Build.0 = Release|iPhoneSimulator
		{712605F4-D94F-4351-B80D-6AD7D2E9803E}.Release|Any CPU.Deploy.0 = Release|iPhoneSimulator
		{712605F4-D94F-4351-B80D-6AD7D2E9803E}.Release|ARM.ActiveCfg = Release|iPhoneSimulator
		{712605F4-D94F-4351-B80D-6AD7D2E9803E}.Release|ARM.Build.0 = Release|iPhoneSimulator
		{712605F4-D94F-4351-B80D-6AD7D2E9803E}.Release|ARM.Deploy.0 = Release|iPhoneSimulator
		{712605F4-D94F-4351-B80D-6AD7D2E9803E}.Release|iPhone.ActiveCfg = Release|iPhone
		{712605F4-D94F-4351-B80D-6AD7D2E9803E}.Release|iPhone.Build.0 = Release|iPhone
		{712605F4-D94F-4351-B80D-6AD7D2E9803E}.Release|iPhone.Deploy.0 = Release|iPhone
		{712605F4-D94F-4351-B80D-6AD7D2E9803E}.Release|iPhoneSimulator.ActiveCfg = Release|iPhoneSimulator
		{712605F4-D94F-4351-B80D-6AD7D2E9803E}.Release|iPhoneSimulator.Build.0 = Release|iPhoneSimulator
		{712605F4-D94F-4351-B80D-6AD7D2E9803E}.Release|iPhoneSimulator.Deploy.0 = Release|iPhoneSimulator
		{712605F4-D94F-4351-B80D-6AD7D2E9803E}.Release|x64.ActiveCfg = Release|iPhoneSimulator
		{712605F4-D94F-4351-B80D-6AD7D2E9803E}.Release|x64.Build.0 = Release|iPhoneSimulator
		{712605F4-D94F-4351-B80D-6AD7D2E9803E}.Release|x64.Deploy.0 = Release|iPhoneSimulator
		{712605F4-D94F-4351-B80D-6AD7D2E9803E}.Release|x86.ActiveCfg = Release|iPhoneSimulator
		{712605F4-D94F-4351-B80D-6AD7D2E9803E}.Release|x86.Build.0 = Release|iPhoneSimulator
		{712605F4-D94F-4351-B80D-6AD7D2E9803E}.Release|x86.Deploy.0 = Release|iPhoneSimulator
		{37F70A8D-2E12-41C7-B4C6-B188379338A7}.Debug|Any CPU.ActiveCfg = Debug|Any CPU
		{37F70A8D-2E12-41C7-B4C6-B188379338A7}.Debug|Any CPU.Build.0 = Debug|Any CPU
		{37F70A8D-2E12-41C7-B4C6-B188379338A7}.Debug|Any CPU.Deploy.0 = Debug|Any CPU
		{37F70A8D-2E12-41C7-B4C6-B188379338A7}.Debug|ARM.ActiveCfg = Debug|Any CPU
		{37F70A8D-2E12-41C7-B4C6-B188379338A7}.Debug|ARM.Build.0 = Debug|Any CPU
		{37F70A8D-2E12-41C7-B4C6-B188379338A7}.Debug|ARM.Deploy.0 = Debug|Any CPU
		{37F70A8D-2E12-41C7-B4C6-B188379338A7}.Debug|iPhone.ActiveCfg = Debug|Any CPU
		{37F70A8D-2E12-41C7-B4C6-B188379338A7}.Debug|iPhone.Build.0 = Debug|Any CPU
		{37F70A8D-2E12-41C7-B4C6-B188379338A7}.Debug|iPhone.Deploy.0 = Debug|Any CPU
		{37F70A8D-2E12-41C7-B4C6-B188379338A7}.Debug|iPhoneSimulator.ActiveCfg = Debug|Any CPU
		{37F70A8D-2E12-41C7-B4C6-B188379338A7}.Debug|iPhoneSimulator.Build.0 = Debug|Any CPU
		{37F70A8D-2E12-41C7-B4C6-B188379338A7}.Debug|iPhoneSimulator.Deploy.0 = Debug|Any CPU
		{37F70A8D-2E12-41C7-B4C6-B188379338A7}.Debug|x64.ActiveCfg = Debug|Any CPU
		{37F70A8D-2E12-41C7-B4C6-B188379338A7}.Debug|x64.Build.0 = Debug|Any CPU
		{37F70A8D-2E12-41C7-B4C6-B188379338A7}.Debug|x64.Deploy.0 = Debug|Any CPU
		{37F70A8D-2E12-41C7-B4C6-B188379338A7}.Debug|x86.ActiveCfg = Debug|Any CPU
		{37F70A8D-2E12-41C7-B4C6-B188379338A7}.Debug|x86.Build.0 = Debug|Any CPU
		{37F70A8D-2E12-41C7-B4C6-B188379338A7}.Debug|x86.Deploy.0 = Debug|Any CPU
		{37F70A8D-2E12-41C7-B4C6-B188379338A7}.Release|Any CPU.ActiveCfg = Release|Any CPU
		{37F70A8D-2E12-41C7-B4C6-B188379338A7}.Release|Any CPU.Build.0 = Release|Any CPU
		{37F70A8D-2E12-41C7-B4C6-B188379338A7}.Release|Any CPU.Deploy.0 = Release|Any CPU
		{37F70A8D-2E12-41C7-B4C6-B188379338A7}.Release|ARM.ActiveCfg = Release|Any CPU
		{37F70A8D-2E12-41C7-B4C6-B188379338A7}.Release|ARM.Build.0 = Release|Any CPU
		{37F70A8D-2E12-41C7-B4C6-B188379338A7}.Release|ARM.Deploy.0 = Release|Any CPU
		{37F70A8D-2E12-41C7-B4C6-B188379338A7}.Release|iPhone.ActiveCfg = Release|Any CPU
		{37F70A8D-2E12-41C7-B4C6-B188379338A7}.Release|iPhone.Build.0 = Release|Any CPU
		{37F70A8D-2E12-41C7-B4C6-B188379338A7}.Release|iPhone.Deploy.0 = Release|Any CPU
		{37F70A8D-2E12-41C7-B4C6-B188379338A7}.Release|iPhoneSimulator.ActiveCfg = Release|Any CPU
		{37F70A8D-2E12-41C7-B4C6-B188379338A7}.Release|iPhoneSimulator.Build.0 = Release|Any CPU
		{37F70A8D-2E12-41C7-B4C6-B188379338A7}.Release|iPhoneSimulator.Deploy.0 = Release|Any CPU
		{37F70A8D-2E12-41C7-B4C6-B188379338A7}.Release|x64.ActiveCfg = Release|Any CPU
		{37F70A8D-2E12-41C7-B4C6-B188379338A7}.Release|x64.Build.0 = Release|Any CPU
		{37F70A8D-2E12-41C7-B4C6-B188379338A7}.Release|x64.Deploy.0 = Release|Any CPU
		{37F70A8D-2E12-41C7-B4C6-B188379338A7}.Release|x86.ActiveCfg = Release|Any CPU
		{37F70A8D-2E12-41C7-B4C6-B188379338A7}.Release|x86.Build.0 = Release|Any CPU
		{37F70A8D-2E12-41C7-B4C6-B188379338A7}.Release|x86.Deploy.0 = Release|Any CPU
	EndGlobalSection
	GlobalSection(SolutionProperties) = preSolution
		HideSolutionNode = FALSE
	EndGlobalSection
	GlobalSection(ExtensibilityGlobals) = postSolution
		SolutionGuid = {7E580D2F-F631-4AF8-8540-CD4FF310D353}
	EndGlobalSection
EndGlobal
